
Microsoft Visual Studio Solution File, Format Version 12.00
# Visual Studio 15
VisualStudioVersion = 15.0.26730.16
MinimumVisualStudioVersion = 10.0.40219.1
Project("{FAE04EC0-301F-11D3-BF4B-00C04F79EFBC}") = "RazorPages", "RazorPages\RazorPages.csproj", "{FCA85E2F-8D71-4AA0-9185-56EBE548060D}"
EndProject
Global
	GlobalSection(SolutionConfigurationPlatforms) = preSolution
		Debug|Any CPU = Debug|Any CPU
		Release|Any CPU = Release|Any CPU
	EndGlobalSection
	GlobalSection(ProjectConfigurationPlatforms) = postSolution
		{FCA85E2F-8D71-4AA0-9185-56EBE548060D}.Debug|Any CPU.ActiveCfg = Debug|Any CPU
		{FCA85E2F-8D71-4AA0-9185-56EBE548060D}.Debug|Any CPU.Build.0 = Debug|Any CPU
		{FCA85E2F-8D71-4AA0-9185-56EBE548060D}.Release|Any CPU.ActiveCfg = Release|Any CPU
		{FCA85E2F-8D71-4AA0-9185-56EBE548060D}.Release|Any CPU.Build.0 = Release|Any CPU
	EndGlobalSection
	GlobalSection(SolutionProperties) = preSolution
		HideSolutionNode = FALSE
	EndGlobalSection
	GlobalSection(ExtensibilityGlobals) = postSolution
		SolutionGuid = {835ECB0F-E6B4-4AE4-8F4C-5CD2E0E4EF4F}
	EndGlobalSection
EndGlobal
